
Microsoft Visual Studio Solution File, Format Version 12.00
# Visual Studio Version 16
VisualStudioVersion = 16.0.30517.126
MinimumVisualStudioVersion = 10.0.40219.1
Project("{FAE04EC0-301F-11D3-BF4B-00C04F79EFBC}") = "RazorPagesMovie", "RazorPagesMovie.csproj", "{C6B74B5D-BA2C-4898-93F8-2D4E16676547}"
EndProject
Global
	GlobalSection(SolutionConfigurationPlatforms) = preSolution
		Debug|Any CPU = Debug|Any CPU
		Release|Any CPU = Release|Any CPU
	EndGlobalSection
	GlobalSection(ProjectConfigurationPlatforms) = postSolution
		{C6B74B5D-BA2C-4898-93F8-2D4E16676547}.Debug|Any CPU.ActiveCfg = Debug|Any CPU
		{C6B74B5D-BA2C-4898-93F8-2D4E16676547}.Debug|Any CPU.Build.0 = Debug|Any CPU
		{C6B74B5D-BA2C-4898-93F8-2D4E16676547}.Release|Any CPU.ActiveCfg = Release|Any CPU
		{C6B74B5D-BA2C-4898-93F8-2D4E16676547}.Release|Any CPU.Build.0 = Release|Any CPU
	EndGlobalSection
	GlobalSection(SolutionProperties) = preSolution
		HideSolutionNode = FALSE
	EndGlobalSection
	GlobalSection(ExtensibilityGlobals) = postSolution
		SolutionGuid = {198F1A57-8863-4D32-8CF8-3DB351C9477B}
	EndGlobalSection
EndGlobal
